
Microsoft Visual Studio Solution File, Format Version 12.00
# Visual Studio 14
VisualStudioVersion = 14.0.25420.1
MinimumVisualStudioVersion = 10.0.40219.1
Project("{8BC9CEB8-8B4A-11D0-8D11-00A0C91BC942}") = "xdv", "xdv\xdv.vcxproj", "{A0F9FF03-0A2B-419A-AF17-51550F62FBB6}"
EndProject
Project("{8BC9CEB8-8B4A-11D0-8D11-00A0C91BC942}") = "x64_arch_exts", "exts\arch\x64_arch_exts\x64_arch_exts.vcxproj", "{70A1054B-CE84-42C2-A250-5CBA2B77E976}"
EndProject
Project("{2150E333-8FDC-42A3-9474-1A3956D46DE8}") = "exts", "exts", "{478478A2-5C4E-4C3E-8F7F-BB24439C7FB3}"
EndProject
Project("{2150E333-8FDC-42A3-9474-1A3956D46DE8}") = "arch", "arch", "{FAA93A31-A062-4BC8-8AEC-BAF8B9D32974}"
EndProject
Project("{8BC9CEB8-8B4A-11D0-8D11-00A0C91BC942}") = "x86_arch_exts", "exts\arch\x86_arch_exts\x86_arch_exts.vcxproj", "{68481069-828A-459C-BE37-5905377759B0}"
EndProject
Project("{2150E333-8FDC-42A3-9474-1A3956D46DE8}") = "parser", "parser", "{E9F178CD-29BA-4076-85EE-E5B15BCEC467}"
EndProject
Project("{8BC9CEB8-8B4A-11D0-8D11-00A0C91BC942}") = "dbgeng_exts", "exts\parser\dbgeng_exts\dbgeng_exts.vcxproj", "{34455F49-44B7-4D2F-8142-806A869F1877}"
EndProject
Project("{2150E333-8FDC-42A3-9474-1A3956D46DE8}") = "viewer", "viewer", "{741CDD4A-3FC9-469E-A445-2CEDFAC87EEF}"
EndProject
Project("{2150E333-8FDC-42A3-9474-1A3956D46DE8}") = "gui", "gui", "{3A5428E0-5D4C-4A65-94EF-E6132A7E4ECE}"
EndProject
Project("{8BC9CEB8-8B4A-11D0-8D11-00A0C91BC942}") = "corexts", "exts\corexts\corexts.vcxproj", "{8D356689-5FDC-4B02-B650-28E2BD9C1546}"
EndProject
Project("{8BC9CEB8-8B4A-11D0-8D11-00A0C91BC942}") = "xdvdll", "xdvdll\xdvdll.vcxproj", "{E3037C98-299A-4393-B5AF-85BD7C874F7F}"
EndProject
Project("{2150E333-8FDC-42A3-9474-1A3956D46DE8}") = "main", "main", "{F2762740-3794-4181-A447-9594873E16BA}"
EndProject
Project("{2150E333-8FDC-42A3-9474-1A3956D46DE8}") = "test", "test", "{AC70B719-263A-44E6-A855-8C04555A93CC}"
EndProject
Project("{8BC9CEB8-8B4A-11D0-8D11-00A0C91BC942}") = "vehexts", "exts\vehexts\vehexts.vcxproj", "{85B0DF52-7979-458A-B748-DBB2CD146B1F}"
EndProject
Project("{8BC9CEB8-8B4A-11D0-8D11-00A0C91BC942}") = "test", "test\test\test.vcxproj", "{74E4B403-34A5-4DAC-B703-6CA2DEB16F33}"
EndProject
Project("{8BC9CEB8-8B4A-11D0-8D11-00A0C91BC942}") = "emulator", "exts\parser\emulator\emulator.vcxproj", "{441C45E0-F6EF-4D75-A950-BC2A9506426B}"
EndProject
Project("{8BC9CEB8-8B4A-11D0-8D11-00A0C91BC942}") = "winapiexts", "exts\parser\winapiexts\winapiexts.vcxproj", "{1472761A-1797-46E6-8564-325530AEE67D}"
EndProject
Project("{8BC9CEB8-8B4A-11D0-8D11-00A0C91BC942}") = "qxnm", "exts\gui\qxnm\qxnm.vcxproj", "{B12702AD-ABFB-343A-A199-8E24837244A3}"
EndProject
Project("{8BC9CEB8-8B4A-11D0-8D11-00A0C91BC942}") = "cmdv", "exts\gui\viewer\cmdv\cmdv.vcxproj", "{8EEB7BE9-6C32-4B06-BD67-91389E729BCA}"
EndProject
Project("{8BC9CEB8-8B4A-11D0-8D11-00A0C91BC942}") = "cpuv", "exts\gui\viewer\cpuv\cpuv.vcxproj", "{0A1B418C-9D0F-4EB6-BF14-2307D0A3CFC2}"
EndProject
Project("{8BC9CEB8-8B4A-11D0-8D11-00A0C91BC942}") = "dasmv", "exts\gui\viewer\dasmv\dasmv.vcxproj", "{772961F4-79EA-49A8-A7F4-1CD6D971EFFC}"
EndProject
Project("{8BC9CEB8-8B4A-11D0-8D11-00A0C91BC942}") = "hexv", "exts\gui\viewer\hexv\hexv.vcxproj", "{9FF21496-4AB7-431B-883B-511D345A41A2}"
EndProject
Project("{8BC9CEB8-8B4A-11D0-8D11-00A0C91BC942}") = "logv", "exts\gui\viewer\logv\logv.vcxproj", "{F950998A-9D35-4B7E-8663-47E1E7F60EC8}"
EndProject
Project("{8BC9CEB8-8B4A-11D0-8D11-00A0C91BC942}") = "procv", "exts\gui\viewer\procv\procv.vcxproj", "{28EA114E-36F3-4788-9136-A54EF2A497AE}"
EndProject
Project("{8BC9CEB8-8B4A-11D0-8D11-00A0C91BC942}") = "stackv", "exts\gui\viewer\stackv\stackv.vcxproj", "{E191C472-4B46-4DE1-B060-0DC705E2AC6C}"
EndProject
Project("{8BC9CEB8-8B4A-11D0-8D11-00A0C91BC942}") = "stylev", "exts\gui\viewer\stylev\stylev.vcxproj", "{B5385255-F566-419F-A72C-4396514EA1DD}"
EndProject
Project("{8BC9CEB8-8B4A-11D0-8D11-00A0C91BC942}") = "thrdv", "exts\gui\viewer\thrdv\thrdv.vcxproj", "{3B9DAA7C-CE00-47A2-99B4-9B81725DCB2F}"
EndProject
Project("{8BC9CEB8-8B4A-11D0-8D11-00A0C91BC942}") = "rmtexts", "exts\parser\rmtexts\rmtexts.vcxproj", "{D667E969-40EE-4CDB-A8DB-8D118E1AE7A8}"
EndProject
Project("{8BC9CEB8-8B4A-11D0-8D11-00A0C91BC942}") = "corexts_static", "exts\corexts_static\corexts_static.vcxproj", "{A9CF66DB-9E8E-4AAB-80F0-40E90F992530}"
EndProject
Project("{8BC9CEB8-8B4A-11D0-8D11-00A0C91BC942}") = "segv", "exts\gui\viewer\segv\segv.vcxproj", "{91FAACEC-0002-4942-B22A-BDF7F8289FA4}"
EndProject
Global
	GlobalSection(SolutionConfigurationPlatforms) = preSolution
		Release|x64 = Release|x64
		Release|x86 = Release|x86
	EndGlobalSection
	GlobalSection(ProjectConfigurationPlatforms) = postSolution
		{A0F9FF03-0A2B-419A-AF17-51550F62FBB6}.Release|x64.ActiveCfg = Release|x64
		{A0F9FF03-0A2B-419A-AF17-51550F62FBB6}.Release|x64.Build.0 = Release|x64
		{A0F9FF03-0A2B-419A-AF17-51550F62FBB6}.Release|x86.ActiveCfg = Release|Win32
		{A0F9FF03-0A2B-419A-AF17-51550F62FBB6}.Release|x86.Build.0 = Release|Win32
		{70A1054B-CE84-42C2-A250-5CBA2B77E976}.Release|x64.ActiveCfg = Release|x64
		{70A1054B-CE84-42C2-A250-5CBA2B77E976}.Release|x64.Build.0 = Release|x64
		{70A1054B-CE84-42C2-A250-5CBA2B77E976}.Release|x86.ActiveCfg = Release|Win32
		{70A1054B-CE84-42C2-A250-5CBA2B77E976}.Release|x86.Build.0 = Release|Win32
		{68481069-828A-459C-BE37-5905377759B0}.Release|x64.ActiveCfg = Release|x64
		{68481069-828A-459C-BE37-5905377759B0}.Release|x64.Build.0 = Release|x64
		{68481069-828A-459C-BE37-5905377759B0}.Release|x86.ActiveCfg = Release|Win32
		{68481069-828A-459C-BE37-5905377759B0}.Release|x86.Build.0 = Release|Win32
		{34455F49-44B7-4D2F-8142-806A869F1877}.Release|x64.ActiveCfg = Release|x64
		{34455F49-44B7-4D2F-8142-806A869F1877}.Release|x64.Build.0 = Release|x64
		{34455F49-44B7-4D2F-8142-806A869F1877}.Release|x86.ActiveCfg = Release|Win32
		{34455F49-44B7-4D2F-8142-806A869F1877}.Release|x86.Build.0 = Release|Win32
		{8D356689-5FDC-4B02-B650-28E2BD9C1546}.Release|x64.ActiveCfg = Release|x64
		{8D356689-5FDC-4B02-B650-28E2BD9C1546}.Release|x64.Build.0 = Release|x64
		{8D356689-5FDC-4B02-B650-28E2BD9C1546}.Release|x86.ActiveCfg = Release|Win32
		{8D356689-5FDC-4B02-B650-28E2BD9C1546}.Release|x86.Build.0 = Release|Win32
		{E3037C98-299A-4393-B5AF-85BD7C874F7F}.Release|x64.ActiveCfg = Release|x64
		{E3037C98-299A-4393-B5AF-85BD7C874F7F}.Release|x64.Build.0 = Release|x64
		{E3037C98-299A-4393-B5AF-85BD7C874F7F}.Release|x86.ActiveCfg = Release|Win32
		{E3037C98-299A-4393-B5AF-85BD7C874F7F}.Release|x86.Build.0 = Release|Win32
		{85B0DF52-7979-458A-B748-DBB2CD146B1F}.Release|x64.ActiveCfg = Release|x64
		{85B0DF52-7979-458A-B748-DBB2CD146B1F}.Release|x64.Build.0 = Release|x64
		{85B0DF52-7979-458A-B748-DBB2CD146B1F}.Release|x86.ActiveCfg = Release|Win32
		{85B0DF52-7979-458A-B748-DBB2CD146B1F}.Release|x86.Build.0 = Release|Win32
		{74E4B403-34A5-4DAC-B703-6CA2DEB16F33}.Release|x64.ActiveCfg = Release|x64
		{74E4B403-34A5-4DAC-B703-6CA2DEB16F33}.Release|x64.Build.0 = Release|x64
		{74E4B403-34A5-4DAC-B703-6CA2DEB16F33}.Release|x86.ActiveCfg = Release|Win32
		{74E4B403-34A5-4DAC-B703-6CA2DEB16F33}.Release|x86.Build.0 = Release|Win32
		{441C45E0-F6EF-4D75-A950-BC2A9506426B}.Release|x64.ActiveCfg = Release|x64
		{441C45E0-F6EF-4D75-A950-BC2A9506426B}.Release|x64.Build.0 = Release|x64
		{441C45E0-F6EF-4D75-A950-BC2A9506426B}.Release|x86.ActiveCfg = Release|Win32
		{441C45E0-F6EF-4D75-A950-BC2A9506426B}.Release|x86.Build.0 = Release|Win32
		{1472761A-1797-46E6-8564-325530AEE67D}.Release|x64.ActiveCfg = Release|x64
		{1472761A-1797-46E6-8564-325530AEE67D}.Release|x64.Build.0 = Release|x64
		{1472761A-1797-46E6-8564-325530AEE67D}.Release|x86.ActiveCfg = Release|Win32
		{1472761A-1797-46E6-8564-325530AEE67D}.Release|x86.Build.0 = Release|Win32
		{B12702AD-ABFB-343A-A199-8E24837244A3}.Release|x64.ActiveCfg = Release|x64
		{B12702AD-ABFB-343A-A199-8E24837244A3}.Release|x64.Build.0 = Release|x64
		{B12702AD-ABFB-343A-A199-8E24837244A3}.Release|x86.ActiveCfg = Release|Win32
		{B12702AD-ABFB-343A-A199-8E24837244A3}.Release|x86.Build.0 = Release|Win32
		{8EEB7BE9-6C32-4B06-BD67-91389E729BCA}.Release|x64.ActiveCfg = Release|x64
		{8EEB7BE9-6C32-4B06-BD67-91389E729BCA}.Release|x64.Build.0 = Release|x64
		{8EEB7BE9-6C32-4B06-BD67-91389E729BCA}.Release|x86.ActiveCfg = Release|Win32
		{8EEB7BE9-6C32-4B06-BD67-91389E729BCA}.Release|x86.Build.0 = Release|Win32
		{0A1B418C-9D0F-4EB6-BF14-2307D0A3CFC2}.Release|x64.ActiveCfg = Release|x64
		{0A1B418C-9D0F-4EB6-BF14-2307D0A3CFC2}.Release|x64.Build.0 = Release|x64
		{0A1B418C-9D0F-4EB6-BF14-2307D0A3CFC2}.Release|x86.ActiveCfg = Release|Win32
		{0A1B418C-9D0F-4EB6-BF14-2307D0A3CFC2}.Release|x86.Build.0 = Release|Win32
		{772961F4-79EA-49A8-A7F4-1CD6D971EFFC}.Release|x64.ActiveCfg = Release|x64
		{772961F4-79EA-49A8-A7F4-1CD6D971EFFC}.Release|x64.Build.0 = Release|x64
		{772961F4-79EA-49A8-A7F4-1CD6D971EFFC}.Release|x86.ActiveCfg = Release|Win32
		{772961F4-79EA-49A8-A7F4-1CD6D971EFFC}.Release|x86.Build.0 = Release|Win32
		{9FF21496-4AB7-431B-883B-511D345A41A2}.Release|x64.ActiveCfg = Release|x64
		{9FF21496-4AB7-431B-883B-511D345A41A2}.Release|x64.Build.0 = Release|x64
		{9FF21496-4AB7-431B-883B-511D345A41A2}.Release|x86.ActiveCfg = Release|Win32
		{9FF21496-4AB7-431B-883B-511D345A41A2}.Release|x86.Build.0 = Release|Win32
		{F950998A-9D35-4B7E-8663-47E1E7F60EC8}.Release|x64.ActiveCfg = Release|x64
		{F950998A-9D35-4B7E-8663-47E1E7F60EC8}.Release|x64.Build.0 = Release|x64
		{F950998A-9D35-4B7E-8663-47E1E7F60EC8}.Release|x86.ActiveCfg = Release|Win32
		{F950998A-9D35-4B7E-8663-47E1E7F60EC8}.Release|x86.Build.0 = Release|Win32
		{28EA114E-36F3-4788-9136-A54EF2A497AE}.Release|x64.ActiveCfg = Release|x64
		{28EA114E-36F3-4788-9136-A54EF2A497AE}.Release|x64.Build.0 = Release|x64
		{28EA114E-36F3-4788-9136-A54EF2A497AE}.Release|x86.ActiveCfg = Release|Win32
		{28EA114E-36F3-4788-9136-A54EF2A497AE}.Release|x86.Build.0 = Release|Win32
		{E191C472-4B46-4DE1-B060-0DC705E2AC6C}.Release|x64.ActiveCfg = Release|x64
		{E191C472-4B46-4DE1-B060-0DC705E2AC6C}.Release|x64.Build.0 = Release|x64
		{E191C472-4B46-4DE1-B060-0DC705E2AC6C}.Release|x86.ActiveCfg = Release|Win32
		{E191C472-4B46-4DE1-B060-0DC705E2AC6C}.Release|x86.Build.0 = Release|Win32
		{B5385255-F566-419F-A72C-4396514EA1DD}.Release|x64.ActiveCfg = Release|x64
		{B5385255-F566-419F-A72C-4396514EA1DD}.Release|x64.Build.0 = Release|x64
		{B5385255-F566-419F-A72C-4396514EA1DD}.Release|x86.ActiveCfg = Release|Win32
		{B5385255-F566-419F-A72C-4396514EA1DD}.Release|x86.Build.0 = Release|Win32
		{3B9DAA7C-CE00-47A2-99B4-9B81725DCB2F}.Release|x64.ActiveCfg = Release|x64
		{3B9DAA7C-CE00-47A2-99B4-9B81725DCB2F}.Release|x64.Build.0 = Release|x64
		{3B9DAA7C-CE00-47A2-99B4-9B81725DCB2F}.Release|x86.ActiveCfg = Release|Win32
		{3B9DAA7C-CE00-47A2-99B4-9B81725DCB2F}.Release|x86.Build.0 = Release|Win32
		{D667E969-40EE-4CDB-A8DB-8D118E1AE7A8}.Release|x64.ActiveCfg = Release|x64
		{D667E969-40EE-4CDB-A8DB-8D118E1AE7A8}.Release|x64.Build.0 = Release|x64
		{D667E969-40EE-4CDB-A8DB-8D118E1AE7A8}.Release|x86.ActiveCfg = Release|Win32
		{D667E969-40EE-4CDB-A8DB-8D118E1AE7A8}.Release|x86.Build.0 = Release|Win32
		{A9CF66DB-9E8E-4AAB-80F0-40E90F992530}.Release|x64.ActiveCfg = Release|x64
		{A9CF66DB-9E8E-4AAB-80F0-40E90F992530}.Release|x64.Build.0 = Release|x64
		{A9CF66DB-9E8E-4AAB-80F0-40E90F992530}.Release|x86.ActiveCfg = Release|Win32
		{A9CF66DB-9E8E-4AAB-80F0-40E90F992530}.Release|x86.Build.0 = Release|Win32
		{91FAACEC-0002-4942-B22A-BDF7F8289FA4}.Release|x64.ActiveCfg = Release|x64
		{91FAACEC-0002-4942-B22A-BDF7F8289FA4}.Release|x64.Build.0 = Release|x64
		{91FAACEC-0002-4942-B22A-BDF7F8289FA4}.Release|x86.ActiveCfg = Release|Win32
		{91FAACEC-0002-4942-B22A-BDF7F8289FA4}.Release|x86.Build.0 = Release|Win32
	EndGlobalSection
	GlobalSection(SolutionProperties) = preSolution
		HideSolutionNode = FALSE
	EndGlobalSection
	GlobalSection(NestedProjects) = preSolution
		{70A1054B-CE84-42C2-A250-5CBA2B77E976} = {FAA93A31-A062-4BC8-8AEC-BAF8B9D32974}
		{FAA93A31-A062-4BC8-8AEC-BAF8B9D32974} = {478478A2-5C4E-4C3E-8F7F-BB24439C7FB3}
		{68481069-828A-459C-BE37-5905377759B0} = {FAA93A31-A062-4BC8-8AEC-BAF8B9D32974}
		{E9F178CD-29BA-4076-85EE-E5B15BCEC467} = {478478A2-5C4E-4C3E-8F7F-BB24439C7FB3}
		{34455F49-44B7-4D2F-8142-806A869F1877} = {E9F178CD-29BA-4076-85EE-E5B15BCEC467}
		{741CDD4A-3FC9-469E-A445-2CEDFAC87EEF} = {3A5428E0-5D4C-4A65-94EF-E6132A7E4ECE}
		{3A5428E0-5D4C-4A65-94EF-E6132A7E4ECE} = {478478A2-5C4E-4C3E-8F7F-BB24439C7FB3}
		{8D356689-5FDC-4B02-B650-28E2BD9C1546} = {478478A2-5C4E-4C3E-8F7F-BB24439C7FB3}
		{E3037C98-299A-4393-B5AF-85BD7C874F7F} = {F2762740-3794-4181-A447-9594873E16BA}
		{85B0DF52-7979-458A-B748-DBB2CD146B1F} = {F2762740-3794-4181-A447-9594873E16BA}
		{74E4B403-34A5-4DAC-B703-6CA2DEB16F33} = {AC70B719-263A-44E6-A855-8C04555A93CC}
		{441C45E0-F6EF-4D75-A950-BC2A9506426B} = {E9F178CD-29BA-4076-85EE-E5B15BCEC467}
		{1472761A-1797-46E6-8564-325530AEE67D} = {E9F178CD-29BA-4076-85EE-E5B15BCEC467}
		{B12702AD-ABFB-343A-A199-8E24837244A3} = {3A5428E0-5D4C-4A65-94EF-E6132A7E4ECE}
		{8EEB7BE9-6C32-4B06-BD67-91389E729BCA} = {741CDD4A-3FC9-469E-A445-2CEDFAC87EEF}
		{0A1B418C-9D0F-4EB6-BF14-2307D0A3CFC2} = {741CDD4A-3FC9-469E-A445-2CEDFAC87EEF}
		{772961F4-79EA-49A8-A7F4-1CD6D971EFFC} = {741CDD4A-3FC9-469E-A445-2CEDFAC87EEF}
		{9FF21496-4AB7-431B-883B-511D345A41A2} = {741CDD4A-3FC9-469E-A445-2CEDFAC87EEF}
		{F950998A-9D35-4B7E-8663-47E1E7F60EC8} = {741CDD4A-3FC9-469E-A445-2CEDFAC87EEF}
		{28EA114E-36F3-4788-9136-A54EF2A497AE} = {741CDD4A-3FC9-469E-A445-2CEDFAC87EEF}
		{E191C472-4B46-4DE1-B060-0DC705E2AC6C} = {741CDD4A-3FC9-469E-A445-2CEDFAC87EEF}
		{B5385255-F566-419F-A72C-4396514EA1DD} = {741CDD4A-3FC9-469E-A445-2CEDFAC87EEF}
		{3B9DAA7C-CE00-47A2-99B4-9B81725DCB2F} = {741CDD4A-3FC9-469E-A445-2CEDFAC87EEF}
		{D667E969-40EE-4CDB-A8DB-8D118E1AE7A8} = {E9F178CD-29BA-4076-85EE-E5B15BCEC467}
		{A9CF66DB-9E8E-4AAB-80F0-40E90F992530} = {478478A2-5C4E-4C3E-8F7F-BB24439C7FB3}
		{91FAACEC-0002-4942-B22A-BDF7F8289FA4} = {741CDD4A-3FC9-469E-A445-2CEDFAC87EEF}
	EndGlobalSection
EndGlobal
